// !$*UTF8*$!
{
	archiveVersion = 1;
	classes = {
	};
	objectVersion = 46;
	objects = {

/* Begin PBXBuildFile section */
		4B198069189E27740073ED3A /* REFNewInspection2ViewController.m in Sources */ = {isa = PBXBuildFile; fileRef = 4B198068189E27740073ED3A /* REFNewInspection2ViewController.m */; };
		4B19806C189E27C90073ED3A /* REFNewInspection3ViewController.m in Sources */ = {isa = PBXBuildFile; fileRef = 4B19806B189E27C90073ED3A /* REFNewInspection3ViewController.m */; };
		4B19806F189E283B0073ED3A /* REFNewInspection4ViewController.m in Sources */ = {isa = PBXBuildFile; fileRef = 4B19806E189E283B0073ED3A /* REFNewInspection4ViewController.m */; };
		4B198072189E292C0073ED3A /* REFNewInspection5ViewController.m in Sources */ = {isa = PBXBuildFile; fileRef = 4B198071189E292C0073ED3A /* REFNewInspection5ViewController.m */; };
		4B198075189E29BA0073ED3A /* REFNewInspectionResultViewController.m in Sources */ = {isa = PBXBuildFile; fileRef = 4B198074189E29BA0073ED3A /* REFNewInspectionResultViewController.m */; };
		4B198078189E395A0073ED3A /* REFShowMapViewController.m in Sources */ = {isa = PBXBuildFile; fileRef = 4B198077189E395A0073ED3A /* REFShowMapViewController.m */; };
		4B19807B189E434F0073ED3A /* MBProgressHUD.m in Sources */ = {isa = PBXBuildFile; fileRef = 4B19807A189E434F0073ED3A /* MBProgressHUD.m */; };
		4B198084189E98080073ED3A /* DashboardHeaderCell.xib in Resources */ = {isa = PBXBuildFile; fileRef = 4B198081189E98080073ED3A /* DashboardHeaderCell.xib */; };
		4B198085189E98080073ED3A /* DashboardHeaderCell.m in Sources */ = {isa = PBXBuildFile; fileRef = 4B198083189E98080073ED3A /* DashboardHeaderCell.m */; };
		4B198087189E98860073ED3A /* DashboardContentCell.xib in Resources */ = {isa = PBXBuildFile; fileRef = 4B198086189E98860073ED3A /* DashboardContentCell.xib */; };
		4B19808A189E98C40073ED3A /* DashboardContentCell.m in Sources */ = {isa = PBXBuildFile; fileRef = 4B198089189E98C40073ED3A /* DashboardContentCell.m */; };
		4B19808D189E9A280073ED3A /* REFDashboardViewController.m in Sources */ = {isa = PBXBuildFile; fileRef = 4B19808C189E9A280073ED3A /* REFDashboardViewController.m */; };
		4B198090189E9E660073ED3A /* REFLoginViewController.m in Sources */ = {isa = PBXBuildFile; fileRef = 4B19808F189E9E660073ED3A /* REFLoginViewController.m */; };
		4B8D56EF189D060C00B94615 /* Foundation.framework in Frameworks */ = {isa = PBXBuildFile; fileRef = 4B8D56EE189D060C00B94615 /* Foundation.framework */; };
		4B8D56F1189D060C00B94615 /* CoreGraphics.framework in Frameworks */ = {isa = PBXBuildFile; fileRef = 4B8D56F0189D060C00B94615 /* CoreGraphics.framework */; };
		4B8D56F3189D060C00B94615 /* UIKit.framework in Frameworks */ = {isa = PBXBuildFile; fileRef = 4B8D56F2189D060C00B94615 /* UIKit.framework */; };
		4B8D56F9189D060C00B94615 /* InfoPlist.strings in Resources */ = {isa = PBXBuildFile; fileRef = 4B8D56F7189D060C00B94615 /* InfoPlist.strings */; };
		4B8D56FB189D060C00B94615 /* main.m in Sources */ = {isa = PBXBuildFile; fileRef = 4B8D56FA189D060C00B94615 /* main.m */; };
		4B8D56FF189D060C00B94615 /* AppDelegate.m in Sources */ = {isa = PBXBuildFile; fileRef = 4B8D56FE189D060C00B94615 /* AppDelegate.m */; };
		4B8D5702189D060C00B94615 /* Main.storyboard in Resources */ = {isa = PBXBuildFile; fileRef = 4B8D5700189D060C00B94615 /* Main.storyboard */; };
		4B8D5705189D060C00B94615 /* ViewController.m in Sources */ = {isa = PBXBuildFile; fileRef = 4B8D5704189D060C00B94615 /* ViewController.m */; };
		4B8D5707189D060C00B94615 /* Images.xcassets in Resources */ = {isa = PBXBuildFile; fileRef = 4B8D5706189D060C00B94615 /* Images.xcassets */; };
		4B8D570E189D060C00B94615 /* XCTest.framework in Frameworks */ = {isa = PBXBuildFile; fileRef = 4B8D570D189D060C00B94615 /* XCTest.framework */; };
		4B8D570F189D060C00B94615 /* Foundation.framework in Frameworks */ = {isa = PBXBuildFile; fileRef = 4B8D56EE189D060C00B94615 /* Foundation.framework */; };
		4B8D5710189D060C00B94615 /* UIKit.framework in Frameworks */ = {isa = PBXBuildFile; fileRef = 4B8D56F2189D060C00B94615 /* UIKit.framework */; };
		4B8D5718189D060C00B94615 /* InfoPlist.strings in Resources */ = {isa = PBXBuildFile; fileRef = 4B8D5716189D060C00B94615 /* InfoPlist.strings */; };
		4B8D571A189D060C00B94615 /* ResurfacingTests.m in Sources */ = {isa = PBXBuildFile; fileRef = 4B8D5719189D060C00B94615 /* ResurfacingTests.m */; };
		4B8D5725189D0A4400B94615 /* image001.png in Resources */ = {isa = PBXBuildFile; fileRef = 4B8D5724189D0A4400B94615 /* image001.png */; };
		4B8D5727189D58FE00B94615 /* textBack.png in Resources */ = {isa = PBXBuildFile; fileRef = 4B8D5726189D58FE00B94615 /* textBack.png */; };
		4B8D572B189D5E6200B94615 /* TPKeyboardAvoidingScrollView.m in Sources */ = {isa = PBXBuildFile; fileRef = 4B8D572A189D5E6200B94615 /* TPKeyboardAvoidingScrollView.m */; };
		4B8D572E189D649E00B94615 /* REFNewInspectionViewController.m in Sources */ = {isa = PBXBuildFile; fileRef = 4B8D572D189D649E00B94615 /* REFNewInspectionViewController.m */; };
		52527FE418A8CEC20024675F /* GoogleMaps.framework in Frameworks */ = {isa = PBXBuildFile; fileRef = 52527FE318A8CEC20024675F /* GoogleMaps.framework */; };
		525280FF18A8D1CF0024675F /* AVFoundation.framework in Frameworks */ = {isa = PBXBuildFile; fileRef = 525280F318A8D1CE0024675F /* AVFoundation.framework */; };
		5252810018A8D1CF0024675F /* CoreData.framework in Frameworks */ = {isa = PBXBuildFile; fileRef = 525280F418A8D1CE0024675F /* CoreData.framework */; };
		5252810118A8D1CF0024675F /* CoreLocation.framework in Frameworks */ = {isa = PBXBuildFile; fileRef = 525280F518A8D1CE0024675F /* CoreLocation.framework */; };
		5252810218A8D1CF0024675F /* CoreText.framework in Frameworks */ = {isa = PBXBuildFile; fileRef = 525280F618A8D1CE0024675F /* CoreText.framework */; };
		5252810318A8D1CF0024675F /* GLKit.framework in Frameworks */ = {isa = PBXBuildFile; fileRef = 525280F718A8D1CE0024675F /* GLKit.framework */; };
		5252810418A8D1CF0024675F /* ImageIO.framework in Frameworks */ = {isa = PBXBuildFile; fileRef = 525280F818A8D1CE0024675F /* ImageIO.framework */; };
		5252810518A8D1CF0024675F /* libc++.dylib in Frameworks */ = {isa = PBXBuildFile; fileRef = 525280F918A8D1CE0024675F /* libc++.dylib */; };
		5252810618A8D1CF0024675F /* libicucore.dylib in Frameworks */ = {isa = PBXBuildFile; fileRef = 525280FA18A8D1CE0024675F /* libicucore.dylib */; };
		5252810718A8D1CF0024675F /* libz.dylib in Frameworks */ = {isa = PBXBuildFile; fileRef = 525280FB18A8D1CF0024675F /* libz.dylib */; };
		5252810818A8D1CF0024675F /* OpenGLES.framework in Frameworks */ = {isa = PBXBuildFile; fileRef = 525280FC18A8D1CF0024675F /* OpenGLES.framework */; };
		5252810918A8D1CF0024675F /* QuartzCore.framework in Frameworks */ = {isa = PBXBuildFile; fileRef = 525280FD18A8D1CF0024675F /* QuartzCore.framework */; };
		5252810A18A8D1CF0024675F /* SystemConfiguration.framework in Frameworks */ = {isa = PBXBuildFile; fileRef = 525280FE18A8D1CF0024675F /* SystemConfiguration.framework */; };
/* End PBXBuildFile section */

/* Begin PBXContainerItemProxy section */
		4B8D5711189D060C00B94615 /* PBXContainerItemProxy */ = {
			isa = PBXContainerItemProxy;
			containerPortal = 4B8D56E3189D060C00B94615 /* Project object */;
			proxyType = 1;
			remoteGlobalIDString = 4B8D56EA189D060C00B94615;
			remoteInfo = Resurfacing;
		};
/* End PBXContainerItemProxy section */

/* Begin PBXFileReference section */
		4B198067189E27740073ED3A /* REFNewInspection2ViewController.h */ = {isa = PBXFileReference; fileEncoding = 4; lastKnownFileType = sourcecode.c.h; path = REFNewInspection2ViewController.h; sourceTree = "<group>"; };
		4B198068189E27740073ED3A /* REFNewInspection2ViewController.m */ = {isa = PBXFileReference; fileEncoding = 4; lastKnownFileType = sourcecode.c.objc; path = REFNewInspection2ViewController.m; sourceTree = "<group>"; };
		4B19806A189E27C90073ED3A /* REFNewInspection3ViewController.h */ = {isa = PBXFileReference; fileEncoding = 4; lastKnownFileType = sourcecode.c.h; path = REFNewInspection3ViewController.h; sourceTree = "<group>"; };
		4B19806B189E27C90073ED3A /* REFNewInspection3ViewController.m */ = {isa = PBXFileReference; fileEncoding = 4; lastKnownFileType = sourcecode.c.objc; path = REFNewInspection3ViewController.m; sourceTree = "<group>"; };
		4B19806D189E283B0073ED3A /* REFNewInspection4ViewController.h */ = {isa = PBXFileReference; fileEncoding = 4; lastKnownFileType = sourcecode.c.h; path = REFNewInspection4ViewController.h; sourceTree = "<group>"; };
		4B19806E189E283B0073ED3A /* REFNewInspection4ViewController.m */ = {isa = PBXFileReference; fileEncoding = 4; lastKnownFileType = sourcecode.c.objc; path = REFNewInspection4ViewController.m; sourceTree = "<group>"; };
		4B198070189E292C0073ED3A /* REFNewInspection5ViewController.h */ = {isa = PBXFileReference; fileEncoding = 4; lastKnownFileType = sourcecode.c.h; path = REFNewInspection5ViewController.h; sourceTree = "<group>"; };
		4B198071189E292C0073ED3A /* REFNewInspection5ViewController.m */ = {isa = PBXFileReference; fileEncoding = 4; lastKnownFileType = sourcecode.c.objc; path = REFNewInspection5ViewController.m; sourceTree = "<group>"; };
		4B198073189E29BA0073ED3A /* REFNewInspectionResultViewController.h */ = {isa = PBXFileReference; fileEncoding = 4; lastKnownFileType = sourcecode.c.h; path = REFNewInspectionResultViewController.h; sourceTree = "<group>"; };
		4B198074189E29BA0073ED3A /* REFNewInspectionResultViewController.m */ = {isa = PBXFileReference; fileEncoding = 4; lastKnownFileType = sourcecode.c.objc; path = REFNewInspectionResultViewController.m; sourceTree = "<group>"; };
		4B198076189E395A0073ED3A /* REFShowMapViewController.h */ = {isa = PBXFileReference; fileEncoding = 4; lastKnownFileType = sourcecode.c.h; path = REFShowMapViewController.h; sourceTree = "<group>"; };
		4B198077189E395A0073ED3A /* REFShowMapViewController.m */ = {isa = PBXFileReference; fileEncoding = 4; lastKnownFileType = sourcecode.c.objc; path = REFShowMapViewController.m; sourceTree = "<group>"; };
		4B198079189E434F0073ED3A /* MBProgressHUD.h */ = {isa = PBXFileReference; fileEncoding = 4; lastKnownFileType = sourcecode.c.h; name = MBProgressHUD.h; path = UtilClasses/MBProgressHUD.h; sourceTree = "<group>"; };
		4B19807A189E434F0073ED3A /* MBProgressHUD.m */ = {isa = PBXFileReference; fileEncoding = 4; lastKnownFileType = sourcecode.c.objc; name = MBProgressHUD.m; path = UtilClasses/MBProgressHUD.m; sourceTree = "<group>"; };
		4B198081189E98080073ED3A /* DashboardHeaderCell.xib */ = {isa = PBXFileReference; fileEncoding = 4; lastKnownFileType = file.xib; path = DashboardHeaderCell.xib; sourceTree = "<group>"; };
		4B198082189E98080073ED3A /* DashboardHeaderCell.h */ = {isa = PBXFileReference; fileEncoding = 4; lastKnownFileType = sourcecode.c.h; path = DashboardHeaderCell.h; sourceTree = "<group>"; };
		4B198083189E98080073ED3A /* DashboardHeaderCell.m */ = {isa = PBXFileReference; fileEncoding = 4; lastKnownFileType = sourcecode.c.objc; path = DashboardHeaderCell.m; sourceTree = "<group>"; };
		4B198086189E98860073ED3A /* DashboardContentCell.xib */ = {isa = PBXFileReference; fileEncoding = 4; lastKnownFileType = file.xib; path = DashboardContentCell.xib; sourceTree = "<group>"; };
		4B198088189E98C40073ED3A /* DashboardContentCell.h */ = {isa = PBXFileReference; fileEncoding = 4; lastKnownFileType = sourcecode.c.h; path = DashboardContentCell.h; sourceTree = "<group>"; };
		4B198089189E98C40073ED3A /* DashboardContentCell.m */ = {isa = PBXFileReference; fileEncoding = 4; lastKnownFileType = sourcecode.c.objc; path = DashboardContentCell.m; sourceTree = "<group>"; };
		4B19808B189E9A280073ED3A /* REFDashboardViewController.h */ = {isa = PBXFileReference; fileEncoding = 4; lastKnownFileType = sourcecode.c.h; path = REFDashboardViewController.h; sourceTree = "<group>"; };
		4B19808C189E9A280073ED3A /* REFDashboardViewController.m */ = {isa = PBXFileReference; fileEncoding = 4; lastKnownFileType = sourcecode.c.objc; path = REFDashboardViewController.m; sourceTree = "<group>"; };
		4B19808E189E9E660073ED3A /* REFLoginViewController.h */ = {isa = PBXFileReference; fileEncoding = 4; lastKnownFileType = sourcecode.c.h; path = REFLoginViewController.h; sourceTree = "<group>"; };
		4B19808F189E9E660073ED3A /* REFLoginViewController.m */ = {isa = PBXFileReference; fileEncoding = 4; lastKnownFileType = sourcecode.c.objc; path = REFLoginViewController.m; sourceTree = "<group>"; };
		4B8D56EB189D060C00B94615 /* Resurfacing.app */ = {isa = PBXFileReference; explicitFileType = wrapper.application; includeInIndex = 0; path = Resurfacing.app; sourceTree = BUILT_PRODUCTS_DIR; };
		4B8D56EE189D060C00B94615 /* Foundation.framework */ = {isa = PBXFileReference; lastKnownFileType = wrapper.framework; name = Foundation.framework; path = System/Library/Frameworks/Foundation.framework; sourceTree = SDKROOT; };
		4B8D56F0189D060C00B94615 /* CoreGraphics.framework */ = {isa = PBXFileReference; lastKnownFileType = wrapper.framework; name = CoreGraphics.framework; path = System/Library/Frameworks/CoreGraphics.framework; sourceTree = SDKROOT; };
		4B8D56F2189D060C00B94615 /* UIKit.framework */ = {isa = PBXFileReference; lastKnownFileType = wrapper.framework; name = UIKit.framework; path = System/Library/Frameworks/UIKit.framework; sourceTree = SDKROOT; };
		4B8D56F6189D060C00B94615 /* Resurfacing-Info.plist */ = {isa = PBXFileReference; lastKnownFileType = text.plist.xml; path = "Resurfacing-Info.plist"; sourceTree = "<group>"; };
		4B8D56F8189D060C00B94615 /* en */ = {isa = PBXFileReference; lastKnownFileType = text.plist.strings; name = en; path = en.lproj/InfoPlist.strings; sourceTree = "<group>"; };
		4B8D56FA189D060C00B94615 /* main.m */ = {isa = PBXFileReference; lastKnownFileType = sourcecode.c.objc; path = main.m; sourceTree = "<group>"; };
		4B8D56FC189D060C00B94615 /* Resurfacing-Prefix.pch */ = {isa = PBXFileReference; lastKnownFileType = sourcecode.c.h; path = "Resurfacing-Prefix.pch"; sourceTree = "<group>"; };
		4B8D56FD189D060C00B94615 /* AppDelegate.h */ = {isa = PBXFileReference; lastKnownFileType = sourcecode.c.h; path = AppDelegate.h; sourceTree = "<group>"; };
		4B8D56FE189D060C00B94615 /* AppDelegate.m */ = {isa = PBXFileReference; lastKnownFileType = sourcecode.c.objc; path = AppDelegate.m; sourceTree = "<group>"; };
		4B8D5701189D060C00B94615 /* Base */ = {isa = PBXFileReference; lastKnownFileType = file.storyboard; name = Base; path = Base.lproj/Main.storyboard; sourceTree = "<group>"; };
		4B8D5703189D060C00B94615 /* ViewController.h */ = {isa = PBXFileReference; lastKnownFileType = sourcecode.c.h; path = ViewController.h; sourceTree = "<group>"; };
		4B8D5704189D060C00B94615 /* ViewController.m */ = {isa = PBXFileReference; lastKnownFileType = sourcecode.c.objc; path = ViewController.m; sourceTree = "<group>"; };
		4B8D5706189D060C00B94615 /* Images.xcassets */ = {isa = PBXFileReference; lastKnownFileType = folder.assetcatalog; path = Images.xcassets; sourceTree = "<group>"; };
		4B8D570C189D060C00B94615 /* ResurfacingTests.xctest */ = {isa = PBXFileReference; explicitFileType = wrapper.cfbundle; includeInIndex = 0; path = ResurfacingTests.xctest; sourceTree = BUILT_PRODUCTS_DIR; };
		4B8D570D189D060C00B94615 /* XCTest.framework */ = {isa = PBXFileReference; lastKnownFileType = wrapper.framework; name = XCTest.framework; path = Library/Frameworks/XCTest.framework; sourceTree = DEVELOPER_DIR; };
		4B8D5715189D060C00B94615 /* ResurfacingTests-Info.plist */ = {isa = PBXFileReference; lastKnownFileType = text.plist.xml; path = "ResurfacingTests-Info.plist"; sourceTree = "<group>"; };
		4B8D5717189D060C00B94615 /* en */ = {isa = PBXFileReference; lastKnownFileType = text.plist.strings; name = en; path = en.lproj/InfoPlist.strings; sourceTree = "<group>"; };
		4B8D5719189D060C00B94615 /* ResurfacingTests.m */ = {isa = PBXFileReference; lastKnownFileType = sourcecode.c.objc; path = ResurfacingTests.m; sourceTree = "<group>"; };
		4B8D5724189D0A4400B94615 /* image001.png */ = {isa = PBXFileReference; lastKnownFileType = image.png; name = image001.png; path = images/image001.png; sourceTree = "<group>"; };
		4B8D5726189D58FE00B94615 /* textBack.png */ = {isa = PBXFileReference; lastKnownFileType = image.png; name = textBack.png; path = images/textBack.png; sourceTree = "<group>"; };
		4B8D5729189D5E6200B94615 /* TPKeyboardAvoidingScrollView.h */ = {isa = PBXFileReference; fileEncoding = 4; lastKnownFileType = sourcecode.c.h; name = TPKeyboardAvoidingScrollView.h; path = UtilClasses/TPKeyboardAvoidingScrollView.h; sourceTree = "<group>"; };
		4B8D572A189D5E6200B94615 /* TPKeyboardAvoidingScrollView.m */ = {isa = PBXFileReference; fileEncoding = 4; lastKnownFileType = sourcecode.c.objc; name = TPKeyboardAvoidingScrollView.m; path = UtilClasses/TPKeyboardAvoidingScrollView.m; sourceTree = "<group>"; };
		4B8D572C189D649E00B94615 /* REFNewInspectionViewController.h */ = {isa = PBXFileReference; fileEncoding = 4; lastKnownFileType = sourcecode.c.h; path = REFNewInspectionViewController.h; sourceTree = "<group>"; };
		4B8D572D189D649E00B94615 /* REFNewInspectionViewController.m */ = {isa = PBXFileReference; fileEncoding = 4; lastKnownFileType = sourcecode.c.objc; path = REFNewInspectionViewController.m; sourceTree = "<group>"; };
		52527FE318A8CEC20024675F /* GoogleMaps.framework */ = {isa = PBXFileReference; lastKnownFileType = wrapper.framework; path = GoogleMaps.framework; sourceTree = "<group>"; };
		525280F318A8D1CE0024675F /* AVFoundation.framework */ = {isa = PBXFileReference; lastKnownFileType = wrapper.framework; name = AVFoundation.framework; path = System/Library/Frameworks/AVFoundation.framework; sourceTree = SDKROOT; };
		525280F418A8D1CE0024675F /* CoreData.framework */ = {isa = PBXFileReference; lastKnownFileType = wrapper.framework; name = CoreData.framework; path = System/Library/Frameworks/CoreData.framework; sourceTree = SDKROOT; };
		525280F518A8D1CE0024675F /* CoreLocation.framework */ = {isa = PBXFileReference; lastKnownFileType = wrapper.framework; name = CoreLocation.framework; path = System/Library/Frameworks/CoreLocation.framework; sourceTree = SDKROOT; };
		525280F618A8D1CE0024675F /* CoreText.framework */ = {isa = PBXFileReference; lastKnownFileType = wrapper.framework; name = CoreText.framework; path = System/Library/Frameworks/CoreText.framework; sourceTree = SDKROOT; };
		525280F718A8D1CE0024675F /* GLKit.framework */ = {isa = PBXFileReference; lastKnownFileType = wrapper.framework; name = GLKit.framework; path = System/Library/Frameworks/GLKit.framework; sourceTree = SDKROOT; };
		525280F818A8D1CE0024675F /* ImageIO.framework */ = {isa = PBXFileReference; lastKnownFileType = wrapper.framework; name = ImageIO.framework; path = System/Library/Frameworks/ImageIO.framework; sourceTree = SDKROOT; };
		525280F918A8D1CE0024675F /* libc++.dylib */ = {isa = PBXFileReference; lastKnownFileType = "compiled.mach-o.dylib"; name = "libc++.dylib"; path = "usr/lib/libc++.dylib"; sourceTree = SDKROOT; };
		525280FA18A8D1CE0024675F /* libicucore.dylib */ = {isa = PBXFileReference; lastKnownFileType = "compiled.mach-o.dylib"; name = libicucore.dylib; path = usr/lib/libicucore.dylib; sourceTree = SDKROOT; };
		525280FB18A8D1CF0024675F /* libz.dylib */ = {isa = PBXFileReference; lastKnownFileType = "compiled.mach-o.dylib"; name = libz.dylib; path = usr/lib/libz.dylib; sourceTree = SDKROOT; };
		525280FC18A8D1CF0024675F /* OpenGLES.framework */ = {isa = PBXFileReference; lastKnownFileType = wrapper.framework; name = OpenGLES.framework; path = System/Library/Frameworks/OpenGLES.framework; sourceTree = SDKROOT; };
		525280FD18A8D1CF0024675F /* QuartzCore.framework */ = {isa = PBXFileReference; lastKnownFileType = wrapper.framework; name = QuartzCore.framework; path = System/Library/Frameworks/QuartzCore.framework; sourceTree = SDKROOT; };
		525280FE18A8D1CF0024675F /* SystemConfiguration.framework */ = {isa = PBXFileReference; lastKnownFileType = wrapper.framework; name = SystemConfiguration.framework; path = System/Library/Frameworks/SystemConfiguration.framework; sourceTree = SDKROOT; };
/* End PBXFileReference section */

/* Begin PBXFrameworksBuildPhase section */
		4B8D56E8189D060C00B94615 /* Frameworks */ = {
			isa = PBXFrameworksBuildPhase;
			buildActionMask = 2147483647;
			files = (
				525280FF18A8D1CF0024675F /* AVFoundation.framework in Frameworks */,
				5252810018A8D1CF0024675F /* CoreData.framework in Frameworks */,
				5252810118A8D1CF0024675F /* CoreLocation.framework in Frameworks */,
				5252810218A8D1CF0024675F /* CoreText.framework in Frameworks */,
				5252810318A8D1CF0024675F /* GLKit.framework in Frameworks */,
				5252810418A8D1CF0024675F /* ImageIO.framework in Frameworks */,
				5252810518A8D1CF0024675F /* libc++.dylib in Frameworks */,
				5252810618A8D1CF0024675F /* libicucore.dylib in Frameworks */,
				5252810718A8D1CF0024675F /* libz.dylib in Frameworks */,
				5252810818A8D1CF0024675F /* OpenGLES.framework in Frameworks */,
				5252810918A8D1CF0024675F /* QuartzCore.framework in Frameworks */,
				5252810A18A8D1CF0024675F /* SystemConfiguration.framework in Frameworks */,
				4B8D56F1189D060C00B94615 /* CoreGraphics.framework in Frameworks */,
				4B8D56F3189D060C00B94615 /* UIKit.framework in Frameworks */,
				52527FE418A8CEC20024675F /* GoogleMaps.framework in Frameworks */,
				4B8D56EF189D060C00B94615 /* Foundation.framework in Frameworks */,
			);
			runOnlyForDeploymentPostprocessing = 0;
		};
		4B8D5709189D060C00B94615 /* Frameworks */ = {
			isa = PBXFrameworksBuildPhase;
			buildActionMask = 2147483647;
			files = (
				4B8D570E189D060C00B94615 /* XCTest.framework in Frameworks */,
				4B8D5710189D060C00B94615 /* UIKit.framework in Frameworks */,
				4B8D570F189D060C00B94615 /* Foundation.framework in Frameworks */,
			);
			runOnlyForDeploymentPostprocessing = 0;
		};
/* End PBXFrameworksBuildPhase section */

/* Begin PBXGroup section */
		4B8D56E2189D060C00B94615 = {
			isa = PBXGroup;
			children = (
				4B8D56F4189D060C00B94615 /* Resurfacing */,
				4B8D5713189D060C00B94615 /* ResurfacingTests */,
				4B8D56ED189D060C00B94615 /* Frameworks */,
				4B8D56EC189D060C00B94615 /* Products */,
			);
			sourceTree = "<group>";
		};
		4B8D56EC189D060C00B94615 /* Products */ = {
			isa = PBXGroup;
			children = (
				4B8D56EB189D060C00B94615 /* Resurfacing.app */,
				4B8D570C189D060C00B94615 /* ResurfacingTests.xctest */,
			);
			name = Products;
			sourceTree = "<group>";
		};
		4B8D56ED189D060C00B94615 /* Frameworks */ = {
			isa = PBXGroup;
			children = (
				525280F318A8D1CE0024675F /* AVFoundation.framework */,
				525280F418A8D1CE0024675F /* CoreData.framework */,
				525280F518A8D1CE0024675F /* CoreLocation.framework */,
				525280F618A8D1CE0024675F /* CoreText.framework */,
				525280F718A8D1CE0024675F /* GLKit.framework */,
				525280F818A8D1CE0024675F /* ImageIO.framework */,
				525280F918A8D1CE0024675F /* libc++.dylib */,
				525280FA18A8D1CE0024675F /* libicucore.dylib */,
				525280FB18A8D1CF0024675F /* libz.dylib */,
				525280FC18A8D1CF0024675F /* OpenGLES.framework */,
				525280FD18A8D1CF0024675F /* QuartzCore.framework */,
				525280FE18A8D1CF0024675F /* SystemConfiguration.framework */,
				52527FE318A8CEC20024675F /* GoogleMaps.framework */,
				4B8D56EE189D060C00B94615 /* Foundation.framework */,
				4B8D56F0189D060C00B94615 /* CoreGraphics.framework */,
				4B8D56F2189D060C00B94615 /* UIKit.framework */,
				4B8D570D189D060C00B94615 /* XCTest.framework */,
			);
			name = Frameworks;
			sourceTree = "<group>";
		};
		4B8D56F4189D060C00B94615 /* Resurfacing */ = {
			isa = PBXGroup;
			children = (
				4B8D5728189D5E3A00B94615 /* UtilClasses */,
				4B8D5723189D0A0000B94615 /* images */,
				4B8D56FD189D060C00B94615 /* AppDelegate.h */,
				4B8D56FE189D060C00B94615 /* AppDelegate.m */,
				4B8D5700189D060C00B94615 /* Main.storyboard */,
				4B8D5703189D060C00B94615 /* ViewController.h */,
				4B8D5704189D060C00B94615 /* ViewController.m */,
				4B8D5706189D060C00B94615 /* Images.xcassets */,
				4B8D56F5189D060C00B94615 /* Supporting Files */,
				4B8D572C189D649E00B94615 /* REFNewInspectionViewController.h */,
				4B8D572D189D649E00B94615 /* REFNewInspectionViewController.m */,
				4B198067189E27740073ED3A /* REFNewInspection2ViewController.h */,
				4B198068189E27740073ED3A /* REFNewInspection2ViewController.m */,
				4B19806A189E27C90073ED3A /* REFNewInspection3ViewController.h */,
				4B19806B189E27C90073ED3A /* REFNewInspection3ViewController.m */,
				4B19806D189E283B0073ED3A /* REFNewInspection4ViewController.h */,
				4B19806E189E283B0073ED3A /* REFNewInspection4ViewController.m */,
				4B198070189E292C0073ED3A /* REFNewInspection5ViewController.h */,
				4B198071189E292C0073ED3A /* REFNewInspection5ViewController.m */,
				4B198073189E29BA0073ED3A /* REFNewInspectionResultViewController.h */,
				4B198074189E29BA0073ED3A /* REFNewInspectionResultViewController.m */,
				4B198076189E395A0073ED3A /* REFShowMapViewController.h */,
				4B198077189E395A0073ED3A /* REFShowMapViewController.m */,
				4B198081189E98080073ED3A /* DashboardHeaderCell.xib */,
				4B198082189E98080073ED3A /* DashboardHeaderCell.h */,
				4B198083189E98080073ED3A /* DashboardHeaderCell.m */,
				4B198086189E98860073ED3A /* DashboardContentCell.xib */,
				4B198088189E98C40073ED3A /* DashboardContentCell.h */,
				4B198089189E98C40073ED3A /* DashboardContentCell.m */,
				4B19808B189E9A280073ED3A /* REFDashboardViewController.h */,
				4B19808C189E9A280073ED3A /* REFDashboardViewController.m */,
				4B19808E189E9E660073ED3A /* REFLoginViewController.h */,
				4B19808F189E9E660073ED3A /* REFLoginViewController.m */,
			);
			path = Resurfacing;
			sourceTree = "<group>";
		};
		4B8D56F5189D060C00B94615 /* Supporting Files */ = {
			isa = PBXGroup;
			children = (
				4B8D56F6189D060C00B94615 /* Resurfacing-Info.plist */,
				4B8D56F7189D060C00B94615 /* InfoPlist.strings */,
				4B8D56FA189D060C00B94615 /* main.m */,
				4B8D56FC189D060C00B94615 /* Resurfacing-Prefix.pch */,
			);
			name = "Supporting Files";
			sourceTree = "<group>";
		};
		4B8D5713189D060C00B94615 /* ResurfacingTests */ = {
			isa = PBXGroup;
			children = (
				4B8D5719189D060C00B94615 /* ResurfacingTests.m */,
				4B8D5714189D060C00B94615 /* Supporting Files */,
			);
			path = ResurfacingTests;
			sourceTree = "<group>";
		};
		4B8D5714189D060C00B94615 /* Supporting Files */ = {
			isa = PBXGroup;
			children = (
				4B8D5715189D060C00B94615 /* ResurfacingTests-Info.plist */,
				4B8D5716189D060C00B94615 /* InfoPlist.strings */,
			);
			name = "Supporting Files";
			sourceTree = "<group>";
		};
		4B8D5723189D0A0000B94615 /* images */ = {
			isa = PBXGroup;
			children = (
				4B8D5726189D58FE00B94615 /* textBack.png */,
				4B8D5724189D0A4400B94615 /* image001.png */,
			);
			name = images;
			sourceTree = "<group>";
		};
		4B8D5728189D5E3A00B94615 /* UtilClasses */ = {
			isa = PBXGroup;
			children = (
				4B198079189E434F0073ED3A /* MBProgressHUD.h */,
				4B19807A189E434F0073ED3A /* MBProgressHUD.m */,
				4B8D5729189D5E6200B94615 /* TPKeyboardAvoidingScrollView.h */,
				4B8D572A189D5E6200B94615 /* TPKeyboardAvoidingScrollView.m */,
			);
			name = UtilClasses;
			sourceTree = "<group>";
		};
/* End PBXGroup section */

/* Begin PBXNativeTarget section */
		4B8D56EA189D060C00B94615 /* Resurfacing */ = {
			isa = PBXNativeTarget;
			buildConfigurationList = 4B8D571D189D060C00B94615 /* Build configuration list for PBXNativeTarget "Resurfacing" */;
			buildPhases = (
				4B8D56E7189D060C00B94615 /* Sources */,
				4B8D56E8189D060C00B94615 /* Frameworks */,
				4B8D56E9189D060C00B94615 /* Resources */,
			);
			buildRules = (
			);
			dependencies = (
			);
			name = Resurfacing;
			productName = Resurfacing;
			productReference = 4B8D56EB189D060C00B94615 /* Resurfacing.app */;
			productType = "com.apple.product-type.application";
		};
		4B8D570B189D060C00B94615 /* ResurfacingTests */ = {
			isa = PBXNativeTarget;
			buildConfigurationList = 4B8D5720189D060C00B94615 /* Build configuration list for PBXNativeTarget "ResurfacingTests" */;
			buildPhases = (
				4B8D5708189D060C00B94615 /* Sources */,
				4B8D5709189D060C00B94615 /* Frameworks */,
				4B8D570A189D060C00B94615 /* Resources */,
			);
			buildRules = (
			);
			dependencies = (
				4B8D5712189D060C00B94615 /* PBXTargetDependency */,
			);
			name = ResurfacingTests;
			productName = ResurfacingTests;
			productReference = 4B8D570C189D060C00B94615 /* ResurfacingTests.xctest */;
			productType = "com.apple.product-type.bundle.unit-test";
		};
/* End PBXNativeTarget section */

/* Begin PBXProject section */
		4B8D56E3189D060C00B94615 /* Project object */ = {
			isa = PBXProject;
			attributes = {
				LastUpgradeCheck = 0500;
				ORGANIZATIONNAME = Prime;
				TargetAttributes = {
					4B8D56EA189D060C00B94615 = {
						DevelopmentTeam = 5SN72ZLDUW;
					};
					4B8D570B189D060C00B94615 = {
						TestTargetID = 4B8D56EA189D060C00B94615;
					};
				};
			};
			buildConfigurationList = 4B8D56E6189D060C00B94615 /* Build configuration list for PBXProject "Resurfacing" */;
			compatibilityVersion = "Xcode 3.2";
			developmentRegion = English;
			hasScannedForEncodings = 0;
			knownRegions = (
				en,
				Base,
				ar,
				ca,
				cs,
				da,
				de,
				el,
				en_GB,
				es,
				fi,
				fr,
				he,
				hr,
				hu,
				id,
				it,
				ja,
				ko,
				ms,
				nl,
				no,
				pl,
				pt,
				pt_PT,
				ro,
				ru,
				sk,
				sv,
				th,
				tr,
				uk,
				vi,
				zh_CN,
				zh_TW,
			);
			mainGroup = 4B8D56E2189D060C00B94615;
			productRefGroup = 4B8D56EC189D060C00B94615 /* Products */;
			projectDirPath = "";
			projectRoot = "";
			targets = (
				4B8D56EA189D060C00B94615 /* Resurfacing */,
				4B8D570B189D060C00B94615 /* ResurfacingTests */,
			);
		};
/* End PBXProject section */

/* Begin PBXResourcesBuildPhase section */
		4B8D56E9189D060C00B94615 /* Resources */ = {
			isa = PBXResourcesBuildPhase;
			buildActionMask = 2147483647;
			files = (
				4B8D5707189D060C00B94615 /* Images.xcassets in Resources */,
				4B198084189E98080073ED3A /* DashboardHeaderCell.xib in Resources */,
				4B8D56F9189D060C00B94615 /* InfoPlist.strings in Resources */,
				4B198087189E98860073ED3A /* DashboardContentCell.xib in Resources */,
				4B8D5702189D060C00B94615 /* Main.storyboard in Resources */,
				4B8D5725189D0A4400B94615 /* image001.png in Resources */,
				4B8D5727189D58FE00B94615 /* textBack.png in Resources */,
			);
			runOnlyForDeploymentPostprocessing = 0;
		};
		4B8D570A189D060C00B94615 /* Resources */ = {
			isa = PBXResourcesBuildPhase;
			buildActionMask = 2147483647;
			files = (
				4B8D5718189D060C00B94615 /* InfoPlist.strings in Resources */,
			);
			runOnlyForDeploymentPostprocessing = 0;
		};
/* End PBXResourcesBuildPhase section */

/* Begin PBXSourcesBuildPhase section */
		4B8D56E7189D060C00B94615 /* Sources */ = {
			isa = PBXSourcesBuildPhase;
			buildActionMask = 2147483647;
			files = (
				4B8D5705189D060C00B94615 /* ViewController.m in Sources */,
				4B8D572B189D5E6200B94615 /* TPKeyboardAvoidingScrollView.m in Sources */,
				4B19808D189E9A280073ED3A /* REFDashboardViewController.m in Sources */,
				4B198069189E27740073ED3A /* REFNewInspection2ViewController.m in Sources */,
				4B198072189E292C0073ED3A /* REFNewInspection5ViewController.m in Sources */,
				4B198078189E395A0073ED3A /* REFShowMapViewController.m in Sources */,
				4B19806C189E27C90073ED3A /* REFNewInspection3ViewController.m in Sources */,
				4B8D56FF189D060C00B94615 /* AppDelegate.m in Sources */,
				4B198090189E9E660073ED3A /* REFLoginViewController.m in Sources */,
				4B19807B189E434F0073ED3A /* MBProgressHUD.m in Sources */,
				4B19808A189E98C40073ED3A /* DashboardContentCell.m in Sources */,
				4B198075189E29BA0073ED3A /* REFNewInspectionResultViewController.m in Sources */,
				4B8D572E189D649E00B94615 /* REFNewInspectionViewController.m in Sources */,
				4B19806F189E283B0073ED3A /* REFNewInspection4ViewController.m in Sources */,
				4B8D56FB189D060C00B94615 /* main.m in Sources */,
				4B198085189E98080073ED3A /* DashboardHeaderCell.m in Sources */,
			);
			runOnlyForDeploymentPostprocessing = 0;
		};
		4B8D5708189D060C00B94615 /* Sources */ = {
			isa = PBXSourcesBuildPhase;
			buildActionMask = 2147483647;
			files = (
				4B8D571A189D060C00B94615 /* ResurfacingTests.m in Sources */,
			);
			runOnlyForDeploymentPostprocessing = 0;
		};
/* End PBXSourcesBuildPhase section */

/* Begin PBXTargetDependency section */
		4B8D5712189D060C00B94615 /* PBXTargetDependency */ = {
			isa = PBXTargetDependency;
			target = 4B8D56EA189D060C00B94615 /* Resurfacing */;
			targetProxy = 4B8D5711189D060C00B94615 /* PBXContainerItemProxy */;
		};
/* End PBXTargetDependency section */

/* Begin PBXVariantGroup section */
		4B8D56F7189D060C00B94615 /* InfoPlist.strings */ = {
			isa = PBXVariantGroup;
			children = (
				4B8D56F8189D060C00B94615 /* en */,
			);
			name = InfoPlist.strings;
			sourceTree = "<group>";
		};
		4B8D5700189D060C00B94615 /* Main.storyboard */ = {
			isa = PBXVariantGroup;
			children = (
				4B8D5701189D060C00B94615 /* Base */,
			);
			name = Main.storyboard;
			sourceTree = "<group>";
		};
		4B8D5716189D060C00B94615 /* InfoPlist.strings */ = {
			isa = PBXVariantGroup;
			children = (
				4B8D5717189D060C00B94615 /* en */,
			);
			name = InfoPlist.strings;
			sourceTree = "<group>";
		};
/* End PBXVariantGroup section */

/* Begin XCBuildConfiguration section */
		4B8D571B189D060C00B94615 /* Debug */ = {
			isa = XCBuildConfiguration;
			buildSettings = {
				ALWAYS_SEARCH_USER_PATHS = NO;
				ARCHS = "$(ARCHS_STANDARD_INCLUDING_64_BIT)";
				CLANG_CXX_LANGUAGE_STANDARD = "gnu++0x";
				CLANG_CXX_LIBRARY = "libc++";
				CLANG_ENABLE_MODULES = YES;
				CLANG_ENABLE_OBJC_ARC = YES;
				CLANG_WARN_BOOL_CONVERSION = YES;
				CLANG_WARN_CONSTANT_CONVERSION = YES;
				CLANG_WARN_DIRECT_OBJC_ISA_USAGE = YES_ERROR;
				CLANG_WARN_EMPTY_BODY = YES;
				CLANG_WARN_ENUM_CONVERSION = YES;
				CLANG_WARN_INT_CONVERSION = YES;
				CLANG_WARN_OBJC_ROOT_CLASS = YES_ERROR;
				CLANG_WARN__DUPLICATE_METHOD_MATCH = YES;
				"CODE_SIGN_IDENTITY[sdk=iphoneos*]" = "iPhone Developer";
				COPY_PHASE_STRIP = NO;
				GCC_C_LANGUAGE_STANDARD = gnu99;
				GCC_DYNAMIC_NO_PIC = NO;
				GCC_OPTIMIZATION_LEVEL = 0;
				GCC_PREPROCESSOR_DEFINITIONS = (
					"DEBUG=1",
					"$(inherited)",
				);
				GCC_SYMBOLS_PRIVATE_EXTERN = NO;
				GCC_WARN_64_TO_32_BIT_CONVERSION = YES;
				GCC_WARN_ABOUT_RETURN_TYPE = YES_ERROR;
				GCC_WARN_UNDECLARED_SELECTOR = YES;
				GCC_WARN_UNINITIALIZED_AUTOS = YES;
				GCC_WARN_UNUSED_FUNCTION = YES;
				GCC_WARN_UNUSED_VARIABLE = YES;
				IPHONEOS_DEPLOYMENT_TARGET = 7.0;
				ONLY_ACTIVE_ARCH = YES;
				SDKROOT = iphoneos;
				TARGETED_DEVICE_FAMILY = 2;
			};
			name = Debug;
		};
		4B8D571C189D060C00B94615 /* Release */ = {
			isa = XCBuildConfiguration;
			buildSettings = {
				ALWAYS_SEARCH_USER_PATHS = NO;
				ARCHS = "$(ARCHS_STANDARD_INCLUDING_64_BIT)";
				CLANG_CXX_LANGUAGE_STANDARD = "gnu++0x";
				CLANG_CXX_LIBRARY = "libc++";
				CLANG_ENABLE_MODULES = YES;
				CLANG_ENABLE_OBJC_ARC = YES;
				CLANG_WARN_BOOL_CONVERSION = YES;
				CLANG_WARN_CONSTANT_CONVERSION = YES;
				CLANG_WARN_DIRECT_OBJC_ISA_USAGE = YES_ERROR;
				CLANG_WARN_EMPTY_BODY = YES;
				CLANG_WARN_ENUM_CONVERSION = YES;
				CLANG_WARN_INT_CONVERSION = YES;
				CLANG_WARN_OBJC_ROOT_CLASS = YES_ERROR;
				CLANG_WARN__DUPLICATE_METHOD_MATCH = YES;
				"CODE_SIGN_IDENTITY[sdk=iphoneos*]" = "iPhone Developer";
				COPY_PHASE_STRIP = YES;
				ENABLE_NS_ASSERTIONS = NO;
				GCC_C_LANGUAGE_STANDARD = gnu99;
				GCC_WARN_64_TO_32_BIT_CONVERSION = YES;
				GCC_WARN_ABOUT_RETURN_TYPE = YES_ERROR;
				GCC_WARN_UNDECLARED_SELECTOR = YES;
				GCC_WARN_UNINITIALIZED_AUTOS = YES;
				GCC_WARN_UNUSED_FUNCTION = YES;
				GCC_WARN_UNUSED_VARIABLE = YES;
				IPHONEOS_DEPLOYMENT_TARGET = 7.0;
				SDKROOT = iphoneos;
				TARGETED_DEVICE_FAMILY = 2;
				VALIDATE_PRODUCT = YES;
			};
			name = Release;
		};
		4B8D571E189D060C00B94615 /* Debug */ = {
			isa = XCBuildConfiguration;
			buildSettings = {
				ASSETCATALOG_COMPILER_APPICON_NAME = AppIcon;
				ASSETCATALOG_COMPILER_LAUNCHIMAGE_NAME = LaunchImage;
				CODE_SIGN_IDENTITY = "iPhone Developer";
				"CODE_SIGN_IDENTITY[sdk=iphoneos*]" = "iPhone Developer";
				FRAMEWORK_SEARCH_PATHS = (
					"$(inherited)",
					"/Brinthusha/3sg/Resurfacing\\ 2/GoogleMaps-iOS-1.7.0",
					"/Brinthusha/3sg/Resurfacing\\ 2/GoogleMaps-iOS-1.7.0/GoogleMapsSDKDemos",
					"/Brinthusha/3sg/Resurfacing\\ 2",
				);
				GCC_PRECOMPILE_PREFIX_HEADER = YES;
				GCC_PREFIX_HEADER = "Resurfacing/Resurfacing-Prefix.pch";
				INFOPLIST_FILE = "Resurfacing/Resurfacing-Info.plist";
				IPHONEOS_DEPLOYMENT_TARGET = 6.0;
				OTHER_LDFLAGS = "-ObjC";
				PRODUCT_NAME = "$(TARGET_NAME)";
				PROVISIONING_PROFILE = "";
				TARGETED_DEVICE_FAMILY = 2;
				WRAPPER_EXTENSION = app;
			};
			name = Debug;
		};
		4B8D571F189D060C00B94615 /* Release */ = {
			isa = XCBuildConfiguration;
			buildSettings = {
				ASSETCATALOG_COMPILER_APPICON_NAME = AppIcon;
				ASSETCATALOG_COMPILER_LAUNCHIMAGE_NAME = LaunchImage;
				CODE_SIGN_IDENTITY = "iPhone Developer";
				"CODE_SIGN_IDENTITY[sdk=iphoneos*]" = "iPhone Developer";
				FRAMEWORK_SEARCH_PATHS = (
					"$(inherited)",
					"/Brinthusha/3sg/Resurfacing\\ 2/GoogleMaps-iOS-1.7.0",
					"/Brinthusha/3sg/Resurfacing\\ 2/GoogleMaps-iOS-1.7.0/GoogleMapsSDKDemos",
					"/Brinthusha/3sg/Resurfacing\\ 2",
				);
				GCC_PRECOMPILE_PREFIX_HEADER = YES;
				GCC_PREFIX_HEADER = "Resurfacing/Resurfacing-Prefix.pch";
				INFOPLIST_FILE = "Resurfacing/Resurfacing-Info.plist";
				IPHONEOS_DEPLOYMENT_TARGET = 6.0;
				OTHER_LDFLAGS = "-ObjC";
				PRODUCT_NAME = "$(TARGET_NAME)";
				PROVISIONING_PROFILE = "";
				TARGETED_DEVICE_FAMILY = 2;
				WRAPPER_EXTENSION = app;
			};
			name = Release;
		};
		4B8D5721189D060C00B94615 /* Debug */ = {
			isa = XCBuildConfiguration;
			buildSettings = {
				ARCHS = "$(ARCHS_STANDARD_INCLUDING_64_BIT)";
				BUNDLE_LOADER = "$(BUILT_PRODUCTS_DIR)/Resurfacing.app/Resurfacing";
				FRAMEWORK_SEARCH_PATHS = (
					"$(SDKROOT)/Developer/Library/Frameworks",
					"$(inherited)",
					"$(DEVELOPER_FRAMEWORKS_DIR)",
				);
				GCC_PRECOMPILE_PREFIX_HEADER = YES;
				GCC_PREFIX_HEADER = "Resurfacing/Resurfacing-Prefix.pch";
				GCC_PREPROCESSOR_DEFINITIONS = (
					"DEBUG=1",
					"$(inherited)",
				);
				INFOPLIST_FILE = "ResurfacingTests/ResurfacingTests-Info.plist";
				PRODUCT_NAME = "$(TARGET_NAME)";
				TEST_HOST = "$(BUNDLE_LOADER)";
				WRAPPER_EXTENSION = xctest;
			};
			name = Debug;
		};
		4B8D5722189D060C00B94615 /* Release */ = {
			isa = XCBuildConfiguration;
			buildSettings = {
				ARCHS = "$(ARCHS_STANDARD_INCLUDING_64_BIT)";
				BUNDLE_LOADER = "$(BUILT_PRODUCTS_DIR)/Resurfacing.app/Resurfacing";
				FRAMEWORK_SEARCH_PATHS = (
					"$(SDKROOT)/Developer/Library/Frameworks",
					"$(inherited)",
					"$(DEVELOPER_FRAMEWORKS_DIR)",
				);
				GCC_PRECOMPILE_PREFIX_HEADER = YES;
				GCC_PREFIX_HEADER = "Resurfacing/Resurfacing-Prefix.pch";
				INFOPLIST_FILE = "ResurfacingTests/ResurfacingTests-Info.plist";
				PRODUCT_NAME = "$(TARGET_NAME)";
				TEST_HOST = "$(BUNDLE_LOADER)";
				WRAPPER_EXTENSION = xctest;
			};
			name = Release;
		};
/* End XCBuildConfiguration section */

/* Begin XCConfigurationList section */
		4B8D56E6189D060C00B94615 /* Build configuration list for PBXProject "Resurfacing" */ = {
			isa = XCConfigurationList;
			buildConfigurations = (
				4B8D571B189D060C00B94615 /* Debug */,
				4B8D571C189D060C00B94615 /* Release */,
			);
			defaultConfigurationIsVisible = 0;
			defaultConfigurationName = Release;
		};
		4B8D571D189D060C00B94615 /* Build configuration list for PBXNativeTarget "Resurfacing" */ = {
			isa = XCConfigurationList;
			buildConfigurations = (
				4B8D571E189D060C00B94615 /* Debug */,
				4B8D571F189D060C00B94615 /* Release */,
			);
			defaultConfigurationIsVisible = 0;
			defaultConfigurationName = Release;
		};
		4B8D5720189D060C00B94615 /* Build configuration list for PBXNativeTarget "ResurfacingTests" */ = {
			isa = XCConfigurationList;
			buildConfigurations = (
				4B8D5721189D060C00B94615 /* Debug */,
				4B8D5722189D060C00B94615 /* Release */,
			);
			defaultConfigurationIsVisible = 0;
			defaultConfigurationName = Release;
		};
/* End XCConfigurationList section */
	};
	rootObject = 4B8D56E3189D060C00B94615 /* Project object */;
}
